
Microsoft Visual Studio Solution File, Format Version 12.00
# Visual Studio Version 17
VisualStudioVersion = 17.10.35013.160
MinimumVisualStudioVersion = 10.0.40219.1
Project("{9A19103F-16F7-4668-BE54-9A1E7A4F7556}") = "RoomReservationsUI", "RoomReservations\RoomReservationsUI.csproj", "{19A37BD4-8147-4C56-9C91-5039C843C8A3}"
EndProject
Project("{9A19103F-16F7-4668-BE54-9A1E7A4F7556}") = "RoomReservationsDAL", "RoomReservationsDomain\RoomReservationsDAL.csproj", "{B053C972-D05B-4894-84FD-12729ADC73DF}"
EndProject
Project("{9A19103F-16F7-4668-BE54-9A1E7A4F7556}") = "RoomReservationsBLL", "RoomReservationsBLL\RoomReservationsBLL.csproj", "{525AE847-9DDF-4368-8B3B-24F1335B0BFD}"
EndProject
Project("{9A19103F-16F7-4668-BE54-9A1E7A4F7556}") = "RoomReservationsVM", "RoomReservationVM\RoomReservationsVM.csproj", "{A809335E-03C4-4D10-BEEA-3B8B927EA0F6}"
EndProject
Global
	GlobalSection(SolutionConfigurationPlatforms) = preSolution
		Debug|Any CPU = Debug|Any CPU
		Release|Any CPU = Release|Any CPU
	EndGlobalSection
	GlobalSection(ProjectConfigurationPlatforms) = postSolution
		{19A37BD4-8147-4C56-9C91-5039C843C8A3}.Debug|Any CPU.ActiveCfg = Debug|Any CPU
		{19A37BD4-8147-4C56-9C91-5039C843C8A3}.Debug|Any CPU.Build.0 = Debug|Any CPU
		{19A37BD4-8147-4C56-9C91-5039C843C8A3}.Release|Any CPU.ActiveCfg = Release|Any CPU
		{19A37BD4-8147-4C56-9C91-5039C843C8A3}.Release|Any CPU.Build.0 = Release|Any CPU
		{B053C972-D05B-4894-84FD-12729ADC73DF}.Debug|Any CPU.ActiveCfg = Debug|Any CPU
		{B053C972-D05B-4894-84FD-12729ADC73DF}.Debug|Any CPU.Build.0 = Debug|Any CPU
		{B053C972-D05B-4894-84FD-12729ADC73DF}.Release|Any CPU.ActiveCfg = Release|Any CPU
		{B053C972-D05B-4894-84FD-12729ADC73DF}.Release|Any CPU.Build.0 = Release|Any CPU
		{525AE847-9DDF-4368-8B3B-24F1335B0BFD}.Debug|Any CPU.ActiveCfg = Debug|Any CPU
		{525AE847-9DDF-4368-8B3B-24F1335B0BFD}.Debug|Any CPU.Build.0 = Debug|Any CPU
		{525AE847-9DDF-4368-8B3B-24F1335B0BFD}.Release|Any CPU.ActiveCfg = Release|Any CPU
		{525AE847-9DDF-4368-8B3B-24F1335B0BFD}.Release|Any CPU.Build.0 = Release|Any CPU
		{A809335E-03C4-4D10-BEEA-3B8B927EA0F6}.Debug|Any CPU.ActiveCfg = Debug|Any CPU
		{A809335E-03C4-4D10-BEEA-3B8B927EA0F6}.Debug|Any CPU.Build.0 = Debug|Any CPU
		{A809335E-03C4-4D10-BEEA-3B8B927EA0F6}.Release|Any CPU.ActiveCfg = Release|Any CPU
		{A809335E-03C4-4D10-BEEA-3B8B927EA0F6}.Release|Any CPU.Build.0 = Release|Any CPU
	EndGlobalSection
	GlobalSection(SolutionProperties) = preSolution
		HideSolutionNode = FALSE
	EndGlobalSection
	GlobalSection(ExtensibilityGlobals) = postSolution
		SolutionGuid = {63055ECE-513E-4994-ACD7-920A408E08D8}
	EndGlobalSection
EndGlobal
